
Microsoft Visual Studio Solution File, Format Version 12.00
# Visual Studio Version 16
VisualStudioVersion = 16.0.29102.190
MinimumVisualStudioVersion = 10.0.40219.1
Project("{2150E333-8FDC-42A3-9474-1A3956D46DE8}") = "Examples", "Examples", "{3B152766-5529-45BE-88A6-D0A2DF070E3A}"
EndProject
Project("{2150E333-8FDC-42A3-9474-1A3956D46DE8}") = "Command Line", "Command Line", "{F2996B35-A240-4909-93C7-9C0812635790}"
EndProject
Project("{FAE04EC0-301F-11D3-BF4B-00C04F79EFBC}") = "Tool.CommandLine", "Examples\Command Line\Tool\Tool.CommandLine.csproj", "{3B20B597-0A54-454D-9CF6-6AB7D28B24F2}"
EndProject
Project("{FAE04EC0-301F-11D3-BF4B-00C04F79EFBC}") = "Tool.Plugin1", "Examples\Command Line\Tool.Plugin1\Tool.Plugin1.csproj", "{C0BE9BCA-DF56-4350-93E0-A9F53623E507}"
	ProjectSection(ProjectDependencies) = postProject
		{BC40EE53-D35F-4075-9840-F03700F684BA} = {BC40EE53-D35F-4075-9840-F03700F684BA}
	EndProjectSection
EndProject
Project("{2150E333-8FDC-42A3-9474-1A3956D46DE8}") = "WPF Example", "WPF Example", "{E647C50E-E23E-4842-B009-6E31A07DCC82}"
EndProject
Project("{FAE04EC0-301F-11D3-BF4B-00C04F79EFBC}") = "Tools.Ui", "Examples\WPF Example\Tools.Ui\Tools.Ui.csproj", "{BC40EE53-D35F-4075-9840-F03700F684BA}"
EndProject
Project("{2150E333-8FDC-42A3-9474-1A3956D46DE8}") = "Dependencies", "Dependencies", "{F5813784-49EC-4D7F-863D-1B02331D29E1}"
EndProject
Project("{FAE04EC0-301F-11D3-BF4B-00C04F79EFBC}") = "Example.Dependency", "Examples\Dependencies\Example.Dependency\Example.Dependency.csproj", "{88691206-BFEF-4AD3-876D-1F4646A4D1E1}"
EndProject
Project("{FAE04EC0-301F-11D3-BF4B-00C04F79EFBC}") = "Example.Dependency2", "Examples\Dependencies\Example.Dependency2\Example.Dependency2.csproj", "{61435035-ADB7-4B04-AE07-1DDAC69AF8FA}"
EndProject
Project("{FAE04EC0-301F-11D3-BF4B-00C04F79EFBC}") = "Tool.Plugin2", "Examples\Command Line\Tool.Plugin2\Tool.Plugin2.csproj", "{DCE80A30-86D7-4960-8FF1-C867B1BE3EC6}"
EndProject
Project("{FAE04EC0-301F-11D3-BF4B-00C04F79EFBC}") = "Example.DependencyOfDependency", "Examples\Dependencies\Example.DependencyOfDependency\Example.DependencyOfDependency.csproj", "{9C0683B2-AE0E-4FBF-9776-EC6B076C5AC7}"
EndProject
Project("{FAE04EC0-301F-11D3-BF4B-00C04F79EFBC}") = "Example.DepenencyOfDependency2", "Examples\Dependencies\Example.DepenencyOfDependency2\Example.DepenencyOfDependency2.csproj", "{329C45C5-3E59-46FA-94F4-A30B81224805}"
EndProject
Project("{2150E333-8FDC-42A3-9474-1A3956D46DE8}") = "Autofac", "Autofac", "{C5E2F000-AEFC-4087-ACA7-F848F15DD659}"
EndProject
Project("{2150E333-8FDC-42A3-9474-1A3956D46DE8}") = "Plugins", "Plugins", "{C7754468-24AA-4E16-966A-B92B720C754C}"
EndProject
Project("{FAE04EC0-301F-11D3-BF4B-00C04F79EFBC}") = "Tool.DependencyInjection", "Examples\Autofac\Tool.DependencyInection\Tool.DependencyInjection.csproj", "{B203B597-405A-454D-9CF6-4F36AB7D28B2}"
EndProject
Project("{FAE04EC0-301F-11D3-BF4B-00C04F79EFBC}") = "Interfaces.Localization", "Examples\Dependencies\Interfaces.Localization\Interfaces.Localization.csproj", "{4FB5881A-4167-488B-9FE0-2D02A757C654}"
EndProject
Project("{9A19103F-16F7-4668-BE54-9A1E7A4F7556}") = "Rhyous.SimplePluginLoader", "Rhyous.SimplePluginLoader\Rhyous.SimplePluginLoader.csproj", "{DEF89198-10C2-493B-BFB6-E4A351021CCD}"
EndProject
Project("{9A19103F-16F7-4668-BE54-9A1E7A4F7556}") = "Rhyous.SimplePluginLoader.Autofac", "Rhyous.SimplePluginLoader.Autofac\Rhyous.SimplePluginLoader.Autofac.csproj", "{4D84DE60-5B0D-4709-B4DB-6222FE9062F1}"
EndProject
Project("{FAE04EC0-301F-11D3-BF4B-00C04F79EFBC}") = "Rhyous.SimplePluginLoader.Autofac.Tests", "Rhyous.SimplePluginLoader.Autofac.Tests\Rhyous.SimplePluginLoader.Autofac.Tests.csproj", "{3DDB36BF-15F4-431F-8811-BDB884907396}"
EndProject
Project("{9A19103F-16F7-4668-BE54-9A1E7A4F7556}") = "Rhyous.SimplePluginLoader.Tests", "Rhyous.SimplePluginLoader.Tests\Rhyous.SimplePluginLoader.Tests.csproj", "{C2736687-21F7-476D-A597-E827FC4D136E}"
	ProjectSection(ProjectDependencies) = postProject
		{88691206-BFEF-4AD3-876D-1F4646A4D1E1} = {88691206-BFEF-4AD3-876D-1F4646A4D1E1}
		{9C0683B2-AE0E-4FBF-9776-EC6B076C5AC7} = {9C0683B2-AE0E-4FBF-9776-EC6B076C5AC7}
	EndProjectSection
EndProject
Global
	GlobalSection(SolutionConfigurationPlatforms) = preSolution
		Debug|Any CPU = Debug|Any CPU
		Release|Any CPU = Release|Any CPU
	EndGlobalSection
	GlobalSection(ProjectConfigurationPlatforms) = postSolution
		{3B20B597-0A54-454D-9CF6-6AB7D28B24F2}.Debug|Any CPU.ActiveCfg = Debug|Any CPU
		{3B20B597-0A54-454D-9CF6-6AB7D28B24F2}.Debug|Any CPU.Build.0 = Debug|Any CPU
		{3B20B597-0A54-454D-9CF6-6AB7D28B24F2}.Release|Any CPU.ActiveCfg = Release|Any CPU
		{3B20B597-0A54-454D-9CF6-6AB7D28B24F2}.Release|Any CPU.Build.0 = Release|Any CPU
		{C0BE9BCA-DF56-4350-93E0-A9F53623E507}.Debug|Any CPU.ActiveCfg = Debug|Any CPU
		{C0BE9BCA-DF56-4350-93E0-A9F53623E507}.Debug|Any CPU.Build.0 = Debug|Any CPU
		{C0BE9BCA-DF56-4350-93E0-A9F53623E507}.Release|Any CPU.ActiveCfg = Release|Any CPU
		{C0BE9BCA-DF56-4350-93E0-A9F53623E507}.Release|Any CPU.Build.0 = Release|Any CPU
		{BC40EE53-D35F-4075-9840-F03700F684BA}.Debug|Any CPU.ActiveCfg = Debug|Any CPU
		{BC40EE53-D35F-4075-9840-F03700F684BA}.Debug|Any CPU.Build.0 = Debug|Any CPU
		{BC40EE53-D35F-4075-9840-F03700F684BA}.Release|Any CPU.ActiveCfg = Release|Any CPU
		{BC40EE53-D35F-4075-9840-F03700F684BA}.Release|Any CPU.Build.0 = Release|Any CPU
		{88691206-BFEF-4AD3-876D-1F4646A4D1E1}.Debug|Any CPU.ActiveCfg = Debug|Any CPU
		{88691206-BFEF-4AD3-876D-1F4646A4D1E1}.Debug|Any CPU.Build.0 = Debug|Any CPU
		{88691206-BFEF-4AD3-876D-1F4646A4D1E1}.Release|Any CPU.ActiveCfg = Release|Any CPU
		{88691206-BFEF-4AD3-876D-1F4646A4D1E1}.Release|Any CPU.Build.0 = Release|Any CPU
		{61435035-ADB7-4B04-AE07-1DDAC69AF8FA}.Debug|Any CPU.ActiveCfg = Debug|Any CPU
		{61435035-ADB7-4B04-AE07-1DDAC69AF8FA}.Debug|Any CPU.Build.0 = Debug|Any CPU
		{61435035-ADB7-4B04-AE07-1DDAC69AF8FA}.Release|Any CPU.ActiveCfg = Release|Any CPU
		{61435035-ADB7-4B04-AE07-1DDAC69AF8FA}.Release|Any CPU.Build.0 = Release|Any CPU
		{DCE80A30-86D7-4960-8FF1-C867B1BE3EC6}.Debug|Any CPU.ActiveCfg = Debug|Any CPU
		{DCE80A30-86D7-4960-8FF1-C867B1BE3EC6}.Debug|Any CPU.Build.0 = Debug|Any CPU
		{DCE80A30-86D7-4960-8FF1-C867B1BE3EC6}.Release|Any CPU.ActiveCfg = Release|Any CPU
		{DCE80A30-86D7-4960-8FF1-C867B1BE3EC6}.Release|Any CPU.Build.0 = Release|Any CPU
		{9C0683B2-AE0E-4FBF-9776-EC6B076C5AC7}.Debug|Any CPU.ActiveCfg = Debug|Any CPU
		{9C0683B2-AE0E-4FBF-9776-EC6B076C5AC7}.Debug|Any CPU.Build.0 = Debug|Any CPU
		{9C0683B2-AE0E-4FBF-9776-EC6B076C5AC7}.Release|Any CPU.ActiveCfg = Release|Any CPU
		{9C0683B2-AE0E-4FBF-9776-EC6B076C5AC7}.Release|Any CPU.Build.0 = Release|Any CPU
		{329C45C5-3E59-46FA-94F4-A30B81224805}.Debug|Any CPU.ActiveCfg = Debug|Any CPU
		{329C45C5-3E59-46FA-94F4-A30B81224805}.Debug|Any CPU.Build.0 = Debug|Any CPU
		{329C45C5-3E59-46FA-94F4-A30B81224805}.Release|Any CPU.ActiveCfg = Release|Any CPU
		{329C45C5-3E59-46FA-94F4-A30B81224805}.Release|Any CPU.Build.0 = Release|Any CPU
		{B203B597-405A-454D-9CF6-4F36AB7D28B2}.Debug|Any CPU.ActiveCfg = Debug|Any CPU
		{B203B597-405A-454D-9CF6-4F36AB7D28B2}.Debug|Any CPU.Build.0 = Debug|Any CPU
		{B203B597-405A-454D-9CF6-4F36AB7D28B2}.Release|Any CPU.ActiveCfg = Release|Any CPU
		{B203B597-405A-454D-9CF6-4F36AB7D28B2}.Release|Any CPU.Build.0 = Release|Any CPU
		{4FB5881A-4167-488B-9FE0-2D02A757C654}.Debug|Any CPU.ActiveCfg = Debug|Any CPU
		{4FB5881A-4167-488B-9FE0-2D02A757C654}.Debug|Any CPU.Build.0 = Debug|Any CPU
		{4FB5881A-4167-488B-9FE0-2D02A757C654}.Release|Any CPU.ActiveCfg = Release|Any CPU
		{4FB5881A-4167-488B-9FE0-2D02A757C654}.Release|Any CPU.Build.0 = Release|Any CPU
		{DEF89198-10C2-493B-BFB6-E4A351021CCD}.Debug|Any CPU.ActiveCfg = Debug|Any CPU
		{DEF89198-10C2-493B-BFB6-E4A351021CCD}.Debug|Any CPU.Build.0 = Debug|Any CPU
		{DEF89198-10C2-493B-BFB6-E4A351021CCD}.Release|Any CPU.ActiveCfg = Release|Any CPU
		{DEF89198-10C2-493B-BFB6-E4A351021CCD}.Release|Any CPU.Build.0 = Release|Any CPU
		{4D84DE60-5B0D-4709-B4DB-6222FE9062F1}.Debug|Any CPU.ActiveCfg = Debug|Any CPU
		{4D84DE60-5B0D-4709-B4DB-6222FE9062F1}.Debug|Any CPU.Build.0 = Debug|Any CPU
		{4D84DE60-5B0D-4709-B4DB-6222FE9062F1}.Release|Any CPU.ActiveCfg = Release|Any CPU
		{4D84DE60-5B0D-4709-B4DB-6222FE9062F1}.Release|Any CPU.Build.0 = Release|Any CPU
		{3DDB36BF-15F4-431F-8811-BDB884907396}.Debug|Any CPU.ActiveCfg = Debug|Any CPU
		{3DDB36BF-15F4-431F-8811-BDB884907396}.Debug|Any CPU.Build.0 = Debug|Any CPU
		{3DDB36BF-15F4-431F-8811-BDB884907396}.Release|Any CPU.ActiveCfg = Release|Any CPU
		{3DDB36BF-15F4-431F-8811-BDB884907396}.Release|Any CPU.Build.0 = Release|Any CPU
		{C2736687-21F7-476D-A597-E827FC4D136E}.Debug|Any CPU.ActiveCfg = Debug|Any CPU
		{C2736687-21F7-476D-A597-E827FC4D136E}.Debug|Any CPU.Build.0 = Debug|Any CPU
		{C2736687-21F7-476D-A597-E827FC4D136E}.Release|Any CPU.ActiveCfg = Release|Any CPU
		{C2736687-21F7-476D-A597-E827FC4D136E}.Release|Any CPU.Build.0 = Release|Any CPU
	EndGlobalSection
	GlobalSection(SolutionProperties) = preSolution
		HideSolutionNode = FALSE
	EndGlobalSection
	GlobalSection(NestedProjects) = preSolution
		{F2996B35-A240-4909-93C7-9C0812635790} = {3B152766-5529-45BE-88A6-D0A2DF070E3A}
		{3B20B597-0A54-454D-9CF6-6AB7D28B24F2} = {F2996B35-A240-4909-93C7-9C0812635790}
		{C0BE9BCA-DF56-4350-93E0-A9F53623E507} = {C7754468-24AA-4E16-966A-B92B720C754C}
		{E647C50E-E23E-4842-B009-6E31A07DCC82} = {3B152766-5529-45BE-88A6-D0A2DF070E3A}
		{BC40EE53-D35F-4075-9840-F03700F684BA} = {E647C50E-E23E-4842-B009-6E31A07DCC82}
		{F5813784-49EC-4D7F-863D-1B02331D29E1} = {3B152766-5529-45BE-88A6-D0A2DF070E3A}
		{88691206-BFEF-4AD3-876D-1F4646A4D1E1} = {F5813784-49EC-4D7F-863D-1B02331D29E1}
		{61435035-ADB7-4B04-AE07-1DDAC69AF8FA} = {F5813784-49EC-4D7F-863D-1B02331D29E1}
		{DCE80A30-86D7-4960-8FF1-C867B1BE3EC6} = {C7754468-24AA-4E16-966A-B92B720C754C}
		{9C0683B2-AE0E-4FBF-9776-EC6B076C5AC7} = {F5813784-49EC-4D7F-863D-1B02331D29E1}
		{329C45C5-3E59-46FA-94F4-A30B81224805} = {F5813784-49EC-4D7F-863D-1B02331D29E1}
		{C5E2F000-AEFC-4087-ACA7-F848F15DD659} = {3B152766-5529-45BE-88A6-D0A2DF070E3A}
		{C7754468-24AA-4E16-966A-B92B720C754C} = {3B152766-5529-45BE-88A6-D0A2DF070E3A}
		{B203B597-405A-454D-9CF6-4F36AB7D28B2} = {C5E2F000-AEFC-4087-ACA7-F848F15DD659}
		{4FB5881A-4167-488B-9FE0-2D02A757C654} = {F5813784-49EC-4D7F-863D-1B02331D29E1}
	EndGlobalSection
	GlobalSection(ExtensibilityGlobals) = postSolution
		SolutionGuid = {5D26C380-6CAE-406D-B257-398649EF0712}
	EndGlobalSection
EndGlobal
